# THIS IS AN AUTOGENERATED FILE. DO NOT EDIT THIS FILE DIRECTLY.
# yarn lockfile v1


diff@5.1.0:
  version "5.1.0"
  resolved "https://registry.yarnpkg.com/diff/-/diff-5.1.0.tgz#bc52d298c5ea8df9194800224445ed43ffc87e40"
  integrity sha512-D+mk+qE8VC/PAUrlAU34N+VfXev0ghe5ywmpqrawphmVZc1bEfn56uo9qpyGp1p4xpzOHkSW4ztBd6L7Xx4ACw==

prettier-plugin-classnames@0.8.6:
  version "0.8.6"
  resolved "https://registry.yarnpkg.com/prettier-plugin-classnames/-/prettier-plugin-classnames-0.8.6.tgz#13ae00baa95b0ea8f8f9fb9c72a2092160127773"
  integrity sha512-OE5Q7uBenITenecnbbtX/RAzFSMI9ES0xcizeIIdBkG4IKQ1NoTROf164wXkkG7WbShsU+IcuimzIOd9men9QQ==
  dependencies:
    zod "3.22.4"

prettier-plugin-merge@0.8.0:
  version "0.8.0"
  resolved "https://registry.yarnpkg.com/prettier-plugin-merge/-/prettier-plugin-merge-0.8.0.tgz#2d59550baba1ca726cf0ed23595409c107277a71"
  integrity sha512-4ovlPwwsuKB+NyQNlXrt2P4I/4dx0P2w2iBkYpgjJHFqglMndYbzYWyY5hHTQj0WFhZYeUjsHKRGKxWsf6tvag==
  dependencies:
    diff "5.1.0"

prettier-plugin-organize-attributes@1.0.0:
  version "1.0.0"
  resolved "https://registry.yarnpkg.com/prettier-plugin-organize-attributes/-/prettier-plugin-organize-attributes-1.0.0.tgz#037870ee3111b3c1d6371f677b64888de353cc63"
  integrity sha512-+NmameaLxbCcylEXsKPmawtzla5EE6ECqvGkpfQz4KM847fXDifB1gFnPQEpoADAq6IXg+cMI8Z0ISJEXa6fhg==

prettier-plugin-tailwindcss@0.7.2:
  version "0.7.2"
  resolved "https://registry.yarnpkg.com/prettier-plugin-tailwindcss/-/prettier-plugin-tailwindcss-0.7.2.tgz#8de2039fc0363b8532ef5a2d3fc9e2c1b6ca3bd4"
  integrity sha512-LkphyK3Fw+q2HdMOoiEHWf93fNtYJwfamoKPl7UwtjFQdei/iIBoX11G6j706FzN3ymX9mPVi97qIY8328vdnA==

zod@3.22.4:
  version "3.22.4"
  resolved "https://registry.yarnpkg.com/zod/-/zod-3.22.4.tgz#f31c3a9386f61b1f228af56faa9255e845cf3fff"
  integrity sha512-iC+8Io04lddc+mVqQ9AZ7OQ2MrUKGN+oIQyq1vemgt46jwCwLfhq7/pwnBnNXXXZb8VTVLKwp9EDkx+ryxIWmg==
